// !$*UTF8*$!
{
	archiveVersion = 1;
	classes = {
	};
	objectVersion = 48;
	objects = {

/* Begin PBXBuildFile section */
		5E3117C24CB52EA9CC3CEE50 /* Pods_SushiTime.framework in Frameworks */ = {isa = PBXBuildFile; fileRef = A3943AAB0123E966C80465EE /* Pods_SushiTime.framework */; };
		63927C6C1FC33E5400D7D67A /* SushiInSushiTableViewController.swift in Sources */ = {isa = PBXBuildFile; fileRef = 63927C6B1FC33E5400D7D67A /* SushiInSushiTableViewController.swift */; };
		63927C6E1FC33F0900D7D67A /* SushiInSushiTableViewCell.swift in Sources */ = {isa = PBXBuildFile; fileRef = 63927C6D1FC33F0900D7D67A /* SushiInSushiTableViewCell.swift */; };
		63927C701FC33F1C00D7D67A /* SushiInSushiModel.swift in Sources */ = {isa = PBXBuildFile; fileRef = 63927C6F1FC33F1C00D7D67A /* SushiInSushiModel.swift */; };
		6395232A1FB219A70080CCD9 /* SushiTableViewController.swift in Sources */ = {isa = PBXBuildFile; fileRef = 639523291FB219A70080CCD9 /* SushiTableViewController.swift */; };
		6395232C1FB21C8F0080CCD9 /* SushiModel.swift in Sources */ = {isa = PBXBuildFile; fileRef = 6395232B1FB21C8F0080CCD9 /* SushiModel.swift */; };
		6395232E1FB229B20080CCD9 /* SushiTableViewCell.swift in Sources */ = {isa = PBXBuildFile; fileRef = 6395232D1FB229B20080CCD9 /* SushiTableViewCell.swift */; };
		639523371FB6213D0080CCD9 /* PizzaTableViewCell.swift in Sources */ = {isa = PBXBuildFile; fileRef = 639523361FB6213D0080CCD9 /* PizzaTableViewCell.swift */; };
		639523391FB624850080CCD9 /* PizzaTableViewController.swift in Sources */ = {isa = PBXBuildFile; fileRef = 639523381FB624850080CCD9 /* PizzaTableViewController.swift */; };
		6395233B1FB624CA0080CCD9 /* PizzaModel.swift in Sources */ = {isa = PBXBuildFile; fileRef = 6395233A1FB624CA0080CCD9 /* PizzaModel.swift */; };
		6395237E1FB874950080CCD9 /* HotDishesTableViewCell.swift in Sources */ = {isa = PBXBuildFile; fileRef = 6395237D1FB874940080CCD9 /* HotDishesTableViewCell.swift */; };
		639523801FB876960080CCD9 /* HotDishesTableViewController.swift in Sources */ = {isa = PBXBuildFile; fileRef = 6395237F1FB876960080CCD9 /* HotDishesTableViewController.swift */; };
		639523821FB87B7D0080CCD9 /* HotDishesModel.swift in Sources */ = {isa = PBXBuildFile; fileRef = 639523811FB87B7D0080CCD9 /* HotDishesModel.swift */; };
		639523841FB8901B0080CCD9 /* SoupTableViewCell.swift in Sources */ = {isa = PBXBuildFile; fileRef = 639523831FB8901B0080CCD9 /* SoupTableViewCell.swift */; };
		639523861FB893A90080CCD9 /* SoupTableViewController.swift in Sources */ = {isa = PBXBuildFile; fileRef = 639523851FB893A90080CCD9 /* SoupTableViewController.swift */; };
		639523881FB893DF0080CCD9 /* SoupModel.swift in Sources */ = {isa = PBXBuildFile; fileRef = 639523871FB893DF0080CCD9 /* SoupModel.swift */; };
		6395238A1FB8C9D60080CCD9 /* MakiRollsTableViewCell.swift in Sources */ = {isa = PBXBuildFile; fileRef = 639523891FB8C9D60080CCD9 /* MakiRollsTableViewCell.swift */; };
		6395238C1FB8CA7D0080CCD9 /* MakiRollsModel.swift in Sources */ = {isa = PBXBuildFile; fileRef = 6395238B1FB8CA7D0080CCD9 /* MakiRollsModel.swift */; };
		6395238E1FB8CAFA0080CCD9 /* MakiRollsTableViewController.swift in Sources */ = {isa = PBXBuildFile; fileRef = 6395238D1FB8CAFA0080CCD9 /* MakiRollsTableViewController.swift */; };
		639523901FBB093C0080CCD9 /* RollsTableViewController.swift in Sources */ = {isa = PBXBuildFile; fileRef = 6395238F1FBB093C0080CCD9 /* RollsTableViewController.swift */; };
		639523921FBB09C70080CCD9 /* RollsModel.swift in Sources */ = {isa = PBXBuildFile; fileRef = 639523911FBB09C70080CCD9 /* RollsModel.swift */; };
		639523941FBB0A0C0080CCD9 /* RollsTableViewCell.swift in Sources */ = {isa = PBXBuildFile; fileRef = 639523931FBB0A0C0080CCD9 /* RollsTableViewCell.swift */; };
		639523961FBB0C240080CCD9 /* SetsTableViewController.swift in Sources */ = {isa = PBXBuildFile; fileRef = 639523951FBB0C240080CCD9 /* SetsTableViewController.swift */; };
		639523981FBB0C3E0080CCD9 /* SetsTableViewCell.swift in Sources */ = {isa = PBXBuildFile; fileRef = 639523971FBB0C3E0080CCD9 /* SetsTableViewCell.swift */; };
		6395239A1FBB0C520080CCD9 /* SetsModel.swift in Sources */ = {isa = PBXBuildFile; fileRef = 639523991FBB0C520080CCD9 /* SetsModel.swift */; };
		6395239E1FBB3FEE0080CCD9 /* WebSiteTableViewController.swift in Sources */ = {isa = PBXBuildFile; fileRef = 6395239D1FBB3FEE0080CCD9 /* WebSiteTableViewController.swift */; };
		63D48DDE1FC4DEA80065F424 /* OrderDetailsViewController.swift in Sources */ = {isa = PBXBuildFile; fileRef = 63D48DDD1FC4DEA80065F424 /* OrderDetailsViewController.swift */; };
		63D48DE01FC4E02F0065F424 /* OrderDetailViewModel.swift in Sources */ = {isa = PBXBuildFile; fileRef = 63D48DDF1FC4E02F0065F424 /* OrderDetailViewModel.swift */; };
		63D48DE21FC4E0B90065F424 /* OrderDetailItem.swift in Sources */ = {isa = PBXBuildFile; fileRef = 63D48DE11FC4E0B90065F424 /* OrderDetailItem.swift */; };
		63D48DE41FC4E8800065F424 /* HotDishesViewModel.swift in Sources */ = {isa = PBXBuildFile; fileRef = 63D48DE31FC4E8800065F424 /* HotDishesViewModel.swift */; };
		63D48DE61FC4ED260065F424 /* MakiRollsViewModel.swift in Sources */ = {isa = PBXBuildFile; fileRef = 63D48DE51FC4ED260065F424 /* MakiRollsViewModel.swift */; };
		63D48DE81FC4EE2B0065F424 /* TestViewModel.swift in Sources */ = {isa = PBXBuildFile; fileRef = 63D48DE71FC4EE2B0065F424 /* TestViewModel.swift */; };
		63DA539D1FAE3FB7001E3D6B /* AppDelegate.swift in Sources */ = {isa = PBXBuildFile; fileRef = 63DA539C1FAE3FB7001E3D6B /* AppDelegate.swift */; };
		63DA53A41FAE3FB7001E3D6B /* Assets.xcassets in Resources */ = {isa = PBXBuildFile; fileRef = 63DA53A31FAE3FB7001E3D6B /* Assets.xcassets */; };
		63DA53A71FAE3FB7001E3D6B /* LaunchScreen.storyboard in Resources */ = {isa = PBXBuildFile; fileRef = 63DA53A51FAE3FB7001E3D6B /* LaunchScreen.storyboard */; };
		63DA53B61FAE46ED001E3D6B /* GreetingsViewController.swift in Sources */ = {isa = PBXBuildFile; fileRef = 63DA53B51FAE46ED001E3D6B /* GreetingsViewController.swift */; };
		63DA53B81FAE4778001E3D6B /* Main.storyboard in Resources */ = {isa = PBXBuildFile; fileRef = 63DA53B71FAE4778001E3D6B /* Main.storyboard */; };
		63DA53BA1FAE49CF001E3D6B /* SideMenu.storyboard in Resources */ = {isa = PBXBuildFile; fileRef = 63DA53B91FAE49CF001E3D6B /* SideMenu.storyboard */; };
		63DA53BC1FAE4AC8001E3D6B /* SideMenuTableViewController.swift in Sources */ = {isa = PBXBuildFile; fileRef = 63DA53BB1FAE4AC8001E3D6B /* SideMenuTableViewController.swift */; };
		63DA53BE1FAE4BB7001E3D6B /* SideMenuTableViewCell.swift in Sources */ = {isa = PBXBuildFile; fileRef = 63DA53BD1FAE4BB7001E3D6B /* SideMenuTableViewCell.swift */; };
		63DA53C01FAE4CFB001E3D6B /* SideMenuModel.swift in Sources */ = {isa = PBXBuildFile; fileRef = 63DA53BF1FAE4CFB001E3D6B /* SideMenuModel.swift */; };
		63DA53C21FAFB0B5001E3D6B /* SlideMenuItemType.swift in Sources */ = {isa = PBXBuildFile; fileRef = 63DA53C11FAFB0B4001E3D6B /* SlideMenuItemType.swift */; };
		63DA53D41FB127B2001E3D6B /* MenuTableViewCell.swift in Sources */ = {isa = PBXBuildFile; fileRef = 63DA53D31FB127B2001E3D6B /* MenuTableViewCell.swift */; };
		63DA53D61FB128D6001E3D6B /* MenuTableViewController.swift in Sources */ = {isa = PBXBuildFile; fileRef = 63DA53D51FB128D6001E3D6B /* MenuTableViewController.swift */; };
		63DA53D81FB12A9B001E3D6B /* MenuModel.swift in Sources */ = {isa = PBXBuildFile; fileRef = 63DA53D71FB12A9B001E3D6B /* MenuModel.swift */; };
/* End PBXBuildFile section */

/* Begin PBXFileReference section */
		2D6C6C2AA5632DF6B0116899 /* Pods-SushiTime.release.xcconfig */ = {isa = PBXFileReference; includeInIndex = 1; lastKnownFileType = text.xcconfig; name = "Pods-SushiTime.release.xcconfig"; path = "Pods/Target Support Files/Pods-SushiTime/Pods-SushiTime.release.xcconfig"; sourceTree = "<group>"; };
		32CB20B26BFAD4D872CC5002 /* Pods-SushiTime.debug.xcconfig */ = {isa = PBXFileReference; includeInIndex = 1; lastKnownFileType = text.xcconfig; name = "Pods-SushiTime.debug.xcconfig"; path = "Pods/Target Support Files/Pods-SushiTime/Pods-SushiTime.debug.xcconfig"; sourceTree = "<group>"; };
		63927C6B1FC33E5400D7D67A /* SushiInSushiTableViewController.swift */ = {isa = PBXFileReference; lastKnownFileType = sourcecode.swift; path = SushiInSushiTableViewController.swift; sourceTree = "<group>"; };
		63927C6D1FC33F0900D7D67A /* SushiInSushiTableViewCell.swift */ = {isa = PBXFileReference; lastKnownFileType = sourcecode.swift; path = SushiInSushiTableViewCell.swift; sourceTree = "<group>"; };
		63927C6F1FC33F1C00D7D67A /* SushiInSushiModel.swift */ = {isa = PBXFileReference; lastKnownFileType = sourcecode.swift; path = SushiInSushiModel.swift; sourceTree = "<group>"; };
		639523291FB219A70080CCD9 /* SushiTableViewController.swift */ = {isa = PBXFileReference; lastKnownFileType = sourcecode.swift; name = SushiTableViewController.swift; path = "SushiTime/Contr/Sushi menu controller/SushiTableViewController.swift"; sourceTree = SOURCE_ROOT; };
		6395232B1FB21C8F0080CCD9 /* SushiModel.swift */ = {isa = PBXFileReference; lastKnownFileType = sourcecode.swift; path = SushiModel.swift; sourceTree = "<group>"; };
		6395232D1FB229B20080CCD9 /* SushiTableViewCell.swift */ = {isa = PBXFileReference; lastKnownFileType = sourcecode.swift; path = SushiTableViewCell.swift; sourceTree = "<group>"; };
		639523361FB6213D0080CCD9 /* PizzaTableViewCell.swift */ = {isa = PBXFileReference; lastKnownFileType = sourcecode.swift; name = PizzaTableViewCell.swift; path = SushiTime/Views/PizzaTableViewCell.swift; sourceTree = "<group>"; };
		639523381FB624850080CCD9 /* PizzaTableViewController.swift */ = {isa = PBXFileReference; lastKnownFileType = sourcecode.swift; name = PizzaTableViewController.swift; path = SushiTime/Controllers/PizzaTableViewController.swift; sourceTree = SOURCE_ROOT; };
		6395233A1FB624CA0080CCD9 /* PizzaModel.swift */ = {isa = PBXFileReference; lastKnownFileType = sourcecode.swift; path = PizzaModel.swift; sourceTree = "<group>"; };
		6395237D1FB874940080CCD9 /* HotDishesTableViewCell.swift */ = {isa = PBXFileReference; lastKnownFileType = sourcecode.swift; path = HotDishesTableViewCell.swift; sourceTree = "<group>"; };
		6395237F1FB876960080CCD9 /* HotDishesTableViewController.swift */ = {isa = PBXFileReference; lastKnownFileType = sourcecode.swift; path = HotDishesTableViewController.swift; sourceTree = "<group>"; };
		639523811FB87B7D0080CCD9 /* HotDishesModel.swift */ = {isa = PBXFileReference; lastKnownFileType = sourcecode.swift; path = HotDishesModel.swift; sourceTree = "<group>"; };
		639523831FB8901B0080CCD9 /* SoupTableViewCell.swift */ = {isa = PBXFileReference; lastKnownFileType = sourcecode.swift; path = SoupTableViewCell.swift; sourceTree = "<group>"; };
		639523851FB893A90080CCD9 /* SoupTableViewController.swift */ = {isa = PBXFileReference; lastKnownFileType = sourcecode.swift; path = SoupTableViewController.swift; sourceTree = "<group>"; };
		639523871FB893DF0080CCD9 /* SoupModel.swift */ = {isa = PBXFileReference; lastKnownFileType = sourcecode.swift; path = SoupModel.swift; sourceTree = "<group>"; };
		639523891FB8C9D60080CCD9 /* MakiRollsTableViewCell.swift */ = {isa = PBXFileReference; lastKnownFileType = sourcecode.swift; path = MakiRollsTableViewCell.swift; sourceTree = "<group>"; };
		6395238B1FB8CA7D0080CCD9 /* MakiRollsModel.swift */ = {isa = PBXFileReference; lastKnownFileType = sourcecode.swift; path = MakiRollsModel.swift; sourceTree = "<group>"; };
		6395238D1FB8CAFA0080CCD9 /* MakiRollsTableViewController.swift */ = {isa = PBXFileReference; lastKnownFileType = sourcecode.swift; path = MakiRollsTableViewController.swift; sourceTree = "<group>"; };
		6395238F1FBB093C0080CCD9 /* RollsTableViewController.swift */ = {isa = PBXFileReference; lastKnownFileType = sourcecode.swift; path = RollsTableViewController.swift; sourceTree = "<group>"; };
		639523911FBB09C70080CCD9 /* RollsModel.swift */ = {isa = PBXFileReference; lastKnownFileType = sourcecode.swift; path = RollsModel.swift; sourceTree = "<group>"; };
		639523931FBB0A0C0080CCD9 /* RollsTableViewCell.swift */ = {isa = PBXFileReference; lastKnownFileType = sourcecode.swift; path = RollsTableViewCell.swift; sourceTree = "<group>"; };
		639523951FBB0C240080CCD9 /* SetsTableViewController.swift */ = {isa = PBXFileReference; lastKnownFileType = sourcecode.swift; path = SetsTableViewController.swift; sourceTree = "<group>"; };
		639523971FBB0C3E0080CCD9 /* SetsTableViewCell.swift */ = {isa = PBXFileReference; lastKnownFileType = sourcecode.swift; path = SetsTableViewCell.swift; sourceTree = "<group>"; };
		639523991FBB0C520080CCD9 /* SetsModel.swift */ = {isa = PBXFileReference; lastKnownFileType = sourcecode.swift; path = SetsModel.swift; sourceTree = "<group>"; };
		6395239D1FBB3FEE0080CCD9 /* WebSiteTableViewController.swift */ = {isa = PBXFileReference; lastKnownFileType = sourcecode.swift; name = WebSiteTableViewController.swift; path = SushiTime/Controllers/WebSiteTableViewController.swift; sourceTree = SOURCE_ROOT; };
		63D48DDD1FC4DEA80065F424 /* OrderDetailsViewController.swift */ = {isa = PBXFileReference; lastKnownFileType = sourcecode.swift; path = OrderDetailsViewController.swift; sourceTree = "<group>"; };
		63D48DDF1FC4E02F0065F424 /* OrderDetailViewModel.swift */ = {isa = PBXFileReference; lastKnownFileType = sourcecode.swift; path = OrderDetailViewModel.swift; sourceTree = "<group>"; };
		63D48DE11FC4E0B90065F424 /* OrderDetailItem.swift */ = {isa = PBXFileReference; lastKnownFileType = sourcecode.swift; path = OrderDetailItem.swift; sourceTree = "<group>"; };
		63D48DE31FC4E8800065F424 /* HotDishesViewModel.swift */ = {isa = PBXFileReference; lastKnownFileType = sourcecode.swift; path = HotDishesViewModel.swift; sourceTree = "<group>"; };
		63D48DE51FC4ED260065F424 /* MakiRollsViewModel.swift */ = {isa = PBXFileReference; lastKnownFileType = sourcecode.swift; path = MakiRollsViewModel.swift; sourceTree = "<group>"; };
		63D48DE71FC4EE2B0065F424 /* TestViewModel.swift */ = {isa = PBXFileReference; lastKnownFileType = sourcecode.swift; path = TestViewModel.swift; sourceTree = "<group>"; };
		63DA53991FAE3FB7001E3D6B /* SushiTime.app */ = {isa = PBXFileReference; explicitFileType = wrapper.application; includeInIndex = 0; path = SushiTime.app; sourceTree = BUILT_PRODUCTS_DIR; };
		63DA539C1FAE3FB7001E3D6B /* AppDelegate.swift */ = {isa = PBXFileReference; lastKnownFileType = sourcecode.swift; path = AppDelegate.swift; sourceTree = "<group>"; };
		63DA53A31FAE3FB7001E3D6B /* Assets.xcassets */ = {isa = PBXFileReference; lastKnownFileType = folder.assetcatalog; path = Assets.xcassets; sourceTree = "<group>"; };
		63DA53A61FAE3FB7001E3D6B /* Base */ = {isa = PBXFileReference; lastKnownFileType = file.storyboard; name = Base; path = Base.lproj/LaunchScreen.storyboard; sourceTree = "<group>"; };
		63DA53A81FAE3FB7001E3D6B /* Info.plist */ = {isa = PBXFileReference; lastKnownFileType = text.plist.xml; path = Info.plist; sourceTree = "<group>"; };
		63DA53B51FAE46ED001E3D6B /* GreetingsViewController.swift */ = {isa = PBXFileReference; fileEncoding = 4; lastKnownFileType = sourcecode.swift; name = GreetingsViewController.swift; path = "SushiTime/Contr/Side menu controller/GreetingsViewController.swift"; sourceTree = SOURCE_ROOT; };
		63DA53B71FAE4778001E3D6B /* Main.storyboard */ = {isa = PBXFileReference; fileEncoding = 4; lastKnownFileType = file.storyboard; name = Main.storyboard; path = SushiTime/Views/Main.storyboard; sourceTree = "<group>"; };
		63DA53B91FAE49CF001E3D6B /* SideMenu.storyboard */ = {isa = PBXFileReference; lastKnownFileType = file.storyboard; name = SideMenu.storyboard; path = SushiTime/Views/SideMenu.storyboard; sourceTree = "<group>"; };
		63DA53BB1FAE4AC8001E3D6B /* SideMenuTableViewController.swift */ = {isa = PBXFileReference; lastKnownFileType = sourcecode.swift; name = SideMenuTableViewController.swift; path = "SushiTime/Contr/Side menu controller/SideMenuTableViewController.swift"; sourceTree = SOURCE_ROOT; };
		63DA53BD1FAE4BB7001E3D6B /* SideMenuTableViewCell.swift */ = {isa = PBXFileReference; lastKnownFileType = sourcecode.swift; name = SideMenuTableViewCell.swift; path = SushiTime/Views/SideMenuTableViewCell.swift; sourceTree = "<group>"; };
		63DA53BF1FAE4CFB001E3D6B /* SideMenuModel.swift */ = {isa = PBXFileReference; lastKnownFileType = sourcecode.swift; path = SideMenuModel.swift; sourceTree = "<group>"; };
		63DA53C11FAFB0B4001E3D6B /* SlideMenuItemType.swift */ = {isa = PBXFileReference; lastKnownFileType = sourcecode.swift; path = SlideMenuItemType.swift; sourceTree = "<group>"; };
		63DA53D31FB127B2001E3D6B /* MenuTableViewCell.swift */ = {isa = PBXFileReference; lastKnownFileType = sourcecode.swift; name = MenuTableViewCell.swift; path = SushiTime/Views/MenuTableViewCell.swift; sourceTree = "<group>"; };
		63DA53D51FB128D6001E3D6B /* MenuTableViewController.swift */ = {isa = PBXFileReference; lastKnownFileType = sourcecode.swift; name = MenuTableViewController.swift; path = SushiTime/Controllers/MenuTableViewController.swift; sourceTree = SOURCE_ROOT; };
		63DA53D71FB12A9B001E3D6B /* MenuModel.swift */ = {isa = PBXFileReference; lastKnownFileType = sourcecode.swift; path = MenuModel.swift; sourceTree = "<group>"; };
		A3943AAB0123E966C80465EE /* Pods_SushiTime.framework */ = {isa = PBXFileReference; explicitFileType = wrapper.framework; includeInIndex = 0; path = Pods_SushiTime.framework; sourceTree = BUILT_PRODUCTS_DIR; };
/* End PBXFileReference section */

/* Begin PBXFrameworksBuildPhase section */
		63DA53961FAE3FB7001E3D6B /* Frameworks */ = {
			isa = PBXFrameworksBuildPhase;
			buildActionMask = 2147483647;
			files = (
				5E3117C24CB52EA9CC3CEE50 /* Pods_SushiTime.framework in Frameworks */,
			);
			runOnlyForDeploymentPostprocessing = 0;
		};
/* End PBXFrameworksBuildPhase section */

/* Begin PBXGroup section */
		0A1355037A374E64B345C32C /* Frameworks */ = {
			isa = PBXGroup;
			children = (
				A3943AAB0123E966C80465EE /* Pods_SushiTime.framework */,
			);
			name = Frameworks;
			sourceTree = "<group>";
		};
		6395232F1FB2362D0080CCD9 /* Side menu controller */ = {
			isa = PBXGroup;
			children = (
				63DA53B51FAE46ED001E3D6B /* GreetingsViewController.swift */,
				63DA53BB1FAE4AC8001E3D6B /* SideMenuTableViewController.swift */,
			);
			path = "Side menu controller";
			sourceTree = "<group>";
		};
		639523781FB871FE0080CCD9 /* Sushi menu views */ = {
			isa = PBXGroup;
			children = (
				6395232D1FB229B20080CCD9 /* SushiTableViewCell.swift */,
				639523891FB8C9D60080CCD9 /* MakiRollsTableViewCell.swift */,
				6395237D1FB874940080CCD9 /* HotDishesTableViewCell.swift */,
				639523831FB8901B0080CCD9 /* SoupTableViewCell.swift */,
				639523931FBB0A0C0080CCD9 /* RollsTableViewCell.swift */,
				639523971FBB0C3E0080CCD9 /* SetsTableViewCell.swift */,
				63927C6D1FC33F0900D7D67A /* SushiInSushiTableViewCell.swift */,
			);
			path = "Sushi menu views";
			sourceTree = "<group>";
		};
		639523791FB872530080CCD9 /* Sushi menu controller */ = {
			isa = PBXGroup;
			children = (
				639523291FB219A70080CCD9 /* SushiTableViewController.swift */,
				6395237F1FB876960080CCD9 /* HotDishesTableViewController.swift */,
				639523851FB893A90080CCD9 /* SoupTableViewController.swift */,
				6395238D1FB8CAFA0080CCD9 /* MakiRollsTableViewController.swift */,
				6395238F1FBB093C0080CCD9 /* RollsTableViewController.swift */,
				639523951FBB0C240080CCD9 /* SetsTableViewController.swift */,
				63927C6B1FC33E5400D7D67A /* SushiInSushiTableViewController.swift */,
				63D48DDD1FC4DEA80065F424 /* OrderDetailsViewController.swift */,
			);
			path = "Sushi menu controller";
			sourceTree = "<group>";
		};
		6395237A1FB8726D0080CCD9 /* Sushi models */ = {
			isa = PBXGroup;
			children = (
				6395232B1FB21C8F0080CCD9 /* SushiModel.swift */,
				639523811FB87B7D0080CCD9 /* HotDishesModel.swift */,
				639523871FB893DF0080CCD9 /* SoupModel.swift */,
				6395238B1FB8CA7D0080CCD9 /* MakiRollsModel.swift */,
				639523911FBB09C70080CCD9 /* RollsModel.swift */,
				639523991FBB0C520080CCD9 /* SetsModel.swift */,
				63927C6F1FC33F1C00D7D67A /* SushiInSushiModel.swift */,
			);
			path = "Sushi models";
			sourceTree = "<group>";
		};
		63DA53901FAE3FB7001E3D6B = {
			isa = PBXGroup;
			children = (
				63DA539B1FAE3FB7001E3D6B /* SushiTime */,
				63DA539A1FAE3FB7001E3D6B /* Products */,
				7ED185AB62186DD4FD1A9286 /* Pods */,
				0A1355037A374E64B345C32C /* Frameworks */,
			);
			sourceTree = "<group>";
		};
		63DA539A1FAE3FB7001E3D6B /* Products */ = {
			isa = PBXGroup;
			children = (
				63DA53991FAE3FB7001E3D6B /* SushiTime.app */,
			);
			name = Products;
			sourceTree = "<group>";
		};
		63DA539B1FAE3FB7001E3D6B /* SushiTime */ = {
			isa = PBXGroup;
			children = (
				63DA53B01FAE4549001E3D6B /* Controllers */,
				63DA53B11FAE457B001E3D6B /* Views */,
				63DA53B41FAE4607001E3D6B /* Models */,
				63DA53B31FAE45E3001E3D6B /* Resources */,
				63DA53B21FAE45B1001E3D6B /* Supporting Files */,
			);
			path = SushiTime;
			sourceTree = "<group>";
		};
		63DA53B01FAE4549001E3D6B /* Controllers */ = {
			isa = PBXGroup;
			children = (
				6395232F1FB2362D0080CCD9 /* Side menu controller */,
				63DA53D51FB128D6001E3D6B /* MenuTableViewController.swift */,
				639523791FB872530080CCD9 /* Sushi menu controller */,
				639523381FB624850080CCD9 /* PizzaTableViewController.swift */,
				6395239D1FBB3FEE0080CCD9 /* WebSiteTableViewController.swift */,
			);
			name = Controllers;
			path = Contr;
			sourceTree = "<group>";
		};
		63DA53B11FAE457B001E3D6B /* Views */ = {
			isa = PBXGroup;
			children = (
				63DA53B71FAE4778001E3D6B /* Main.storyboard */,
				63DA53B91FAE49CF001E3D6B /* SideMenu.storyboard */,
				63DA53BD1FAE4BB7001E3D6B /* SideMenuTableViewCell.swift */,
				63DA53D31FB127B2001E3D6B /* MenuTableViewCell.swift */,
				639523781FB871FE0080CCD9 /* Sushi menu views */,
				639523361FB6213D0080CCD9 /* PizzaTableViewCell.swift */,
			);
			name = Views;
			path = ..;
			sourceTree = "<group>";
		};
		63DA53B21FAE45B1001E3D6B /* Supporting Files */ = {
			isa = PBXGroup;
			children = (
				63DA53A81FAE3FB7001E3D6B /* Info.plist */,
				63DA539C1FAE3FB7001E3D6B /* AppDelegate.swift */,
			);
			path = "Supporting Files";
			sourceTree = "<group>";
		};
		63DA53B31FAE45E3001E3D6B /* Resources */ = {
			isa = PBXGroup;
			children = (
				63DA53A31FAE3FB7001E3D6B /* Assets.xcassets */,
				63DA53A51FAE3FB7001E3D6B /* LaunchScreen.storyboard */,
			);
			path = Resources;
			sourceTree = "<group>";
		};
		63DA53B41FAE4607001E3D6B /* Models */ = {
			isa = PBXGroup;
			children = (
				63DA53BF1FAE4CFB001E3D6B /* SideMenuModel.swift */,
				63DA53C11FAFB0B4001E3D6B /* SlideMenuItemType.swift */,
				63DA53D71FB12A9B001E3D6B /* MenuModel.swift */,
				6395237A1FB8726D0080CCD9 /* Sushi models */,
				6395233A1FB624CA0080CCD9 /* PizzaModel.swift */,
				63D48DDF1FC4E02F0065F424 /* OrderDetailViewModel.swift */,
				63D48DE31FC4E8800065F424 /* HotDishesViewModel.swift */,
				63D48DE11FC4E0B90065F424 /* OrderDetailItem.swift */,
				63D48DE51FC4ED260065F424 /* MakiRollsViewModel.swift */,
				63D48DE71FC4EE2B0065F424 /* TestViewModel.swift */,
			);
			path = Models;
			sourceTree = "<group>";
		};
		7ED185AB62186DD4FD1A9286 /* Pods */ = {
			isa = PBXGroup;
			children = (
				32CB20B26BFAD4D872CC5002 /* Pods-SushiTime.debug.xcconfig */,
				2D6C6C2AA5632DF6B0116899 /* Pods-SushiTime.release.xcconfig */,
			);
			name = Pods;
			sourceTree = "<group>";
		};
/* End PBXGroup section */

/* Begin PBXNativeTarget section */
		63DA53981FAE3FB7001E3D6B /* SushiTime */ = {
			isa = PBXNativeTarget;
			buildConfigurationList = 63DA53AB1FAE3FB7001E3D6B /* Build configuration list for PBXNativeTarget "SushiTime" */;
			buildPhases = (
				3100E2877AC00DB8B1120CF0 /* [CP] Check Pods Manifest.lock */,
				63DA53951FAE3FB7001E3D6B /* Sources */,
				63DA53961FAE3FB7001E3D6B /* Frameworks */,
				63DA53971FAE3FB7001E3D6B /* Resources */,
				59433D2065D41AF94BC1ADDA /* [CP] Embed Pods Frameworks */,
				D24466AE867A4946A10AFD5E /* [CP] Copy Pods Resources */,
			);
			buildRules = (
			);
			dependencies = (
			);
			name = SushiTime;
			productName = SushiTime;
			productReference = 63DA53991FAE3FB7001E3D6B /* SushiTime.app */;
			productType = "com.apple.product-type.application";
		};
/* End PBXNativeTarget section */

/* Begin PBXProject section */
		63DA53911FAE3FB7001E3D6B /* Project object */ = {
			isa = PBXProject;
			attributes = {
				LastSwiftUpdateCheck = 0910;
				LastUpgradeCheck = 0910;
				ORGANIZATIONNAME = Self;
				TargetAttributes = {
					63DA53981FAE3FB7001E3D6B = {
						CreatedOnToolsVersion = 9.1;
						ProvisioningStyle = Automatic;
					};
				};
			};
			buildConfigurationList = 63DA53941FAE3FB7001E3D6B /* Build configuration list for PBXProject "SushiTime" */;
			compatibilityVersion = "Xcode 8.0";
			developmentRegion = en;
			hasScannedForEncodings = 0;
			knownRegions = (
				en,
				Base,
			);
			mainGroup = 63DA53901FAE3FB7001E3D6B;
			productRefGroup = 63DA539A1FAE3FB7001E3D6B /* Products */;
			projectDirPath = "";
			projectRoot = "";
			targets = (
				63DA53981FAE3FB7001E3D6B /* SushiTime */,
			);
		};
/* End PBXProject section */

/* Begin PBXResourcesBuildPhase section */
		63DA53971FAE3FB7001E3D6B /* Resources */ = {
			isa = PBXResourcesBuildPhase;
			buildActionMask = 2147483647;
			files = (
				63DA53BA1FAE49CF001E3D6B /* SideMenu.storyboard in Resources */,
				63DA53B81FAE4778001E3D6B /* Main.storyboard in Resources */,
				63DA53A71FAE3FB7001E3D6B /* LaunchScreen.storyboard in Resources */,
				63DA53A41FAE3FB7001E3D6B /* Assets.xcassets in Resources */,
			);
			runOnlyForDeploymentPostprocessing = 0;
		};
/* End PBXResourcesBuildPhase section */

/* Begin PBXShellScriptBuildPhase section */
		3100E2877AC00DB8B1120CF0 /* [CP] Check Pods Manifest.lock */ = {
			isa = PBXShellScriptBuildPhase;
			buildActionMask = 2147483647;
			files = (
			);
			inputPaths = (
				"${PODS_PODFILE_DIR_PATH}/Podfile.lock",
				"${PODS_ROOT}/Manifest.lock",
			);
			name = "[CP] Check Pods Manifest.lock";
			outputPaths = (
				"$(DERIVED_FILE_DIR)/Pods-SushiTime-checkManifestLockResult.txt",
			);
			runOnlyForDeploymentPostprocessing = 0;
			shellPath = /bin/sh;
			shellScript = "diff \"${PODS_PODFILE_DIR_PATH}/Podfile.lock\" \"${PODS_ROOT}/Manifest.lock\" > /dev/null\nif [ $? != 0 ] ; then\n    # print error to STDERR\n    echo \"error: The sandbox is not in sync with the Podfile.lock. Run 'pod install' or update your CocoaPods installation.\" >&2\n    exit 1\nfi\n# This output is used by Xcode 'outputs' to avoid re-running this script phase.\necho \"SUCCESS\" > \"${SCRIPT_OUTPUT_FILE_0}\"\n";
			showEnvVarsInLog = 0;
		};
		59433D2065D41AF94BC1ADDA /* [CP] Embed Pods Frameworks */ = {
			isa = PBXShellScriptBuildPhase;
			buildActionMask = 2147483647;
			files = (
			);
			inputPaths = (
				"${SRCROOT}/Pods/Target Support Files/Pods-SushiTime/Pods-SushiTime-frameworks.sh",
				"${BUILT_PRODUCTS_DIR}/BWTVController/BWTVController.framework",
				"${BUILT_PRODUCTS_DIR}/SideMenu/SideMenu.framework",
			);
			name = "[CP] Embed Pods Frameworks";
			outputPaths = (
				"${TARGET_BUILD_DIR}/${FRAMEWORKS_FOLDER_PATH}/BWTVController.framework",
				"${TARGET_BUILD_DIR}/${FRAMEWORKS_FOLDER_PATH}/SideMenu.framework",
			);
			runOnlyForDeploymentPostprocessing = 0;
			shellPath = /bin/sh;
			shellScript = "\"${SRCROOT}/Pods/Target Support Files/Pods-SushiTime/Pods-SushiTime-frameworks.sh\"\n";
			showEnvVarsInLog = 0;
		};
		D24466AE867A4946A10AFD5E /* [CP] Copy Pods Resources */ = {
			isa = PBXShellScriptBuildPhase;
			buildActionMask = 2147483647;
			files = (
			);
			inputPaths = (
			);
			name = "[CP] Copy Pods Resources";
			outputPaths = (
			);
			runOnlyForDeploymentPostprocessing = 0;
			shellPath = /bin/sh;
			shellScript = "\"${SRCROOT}/Pods/Target Support Files/Pods-SushiTime/Pods-SushiTime-resources.sh\"\n";
			showEnvVarsInLog = 0;
		};
/* End PBXShellScriptBuildPhase section */

/* Begin PBXSourcesBuildPhase section */
		63DA53951FAE3FB7001E3D6B /* Sources */ = {
			isa = PBXSourcesBuildPhase;
			buildActionMask = 2147483647;
			files = (
				639523391FB624850080CCD9 /* PizzaTableViewController.swift in Sources */,
				63DA539D1FAE3FB7001E3D6B /* AppDelegate.swift in Sources */,
				63D48DE81FC4EE2B0065F424 /* TestViewModel.swift in Sources */,
				63D48DE61FC4ED260065F424 /* MakiRollsViewModel.swift in Sources */,
				639523981FBB0C3E0080CCD9 /* SetsTableViewCell.swift in Sources */,
				6395233B1FB624CA0080CCD9 /* PizzaModel.swift in Sources */,
				63D48DE01FC4E02F0065F424 /* OrderDetailViewModel.swift in Sources */,
				63DA53C21FAFB0B5001E3D6B /* SlideMenuItemType.swift in Sources */,
				639523841FB8901B0080CCD9 /* SoupTableViewCell.swift in Sources */,
				6395232A1FB219A70080CCD9 /* SushiTableViewController.swift in Sources */,
				63D48DE41FC4E8800065F424 /* HotDishesViewModel.swift in Sources */,
				63927C6E1FC33F0900D7D67A /* SushiInSushiTableViewCell.swift in Sources */,
				6395237E1FB874950080CCD9 /* HotDishesTableViewCell.swift in Sources */,
				63DA53D41FB127B2001E3D6B /* MenuTableViewCell.swift in Sources */,
				639523821FB87B7D0080CCD9 /* HotDishesModel.swift in Sources */,
				6395239E1FBB3FEE0080CCD9 /* WebSiteTableViewController.swift in Sources */,
				63DA53BC1FAE4AC8001E3D6B /* SideMenuTableViewController.swift in Sources */,
				639523961FBB0C240080CCD9 /* SetsTableViewController.swift in Sources */,
				6395238E1FB8CAFA0080CCD9 /* MakiRollsTableViewController.swift in Sources */,
				639523861FB893A90080CCD9 /* SoupTableViewController.swift in Sources */,
				63DA53D61FB128D6001E3D6B /* MenuTableViewController.swift in Sources */,
				63D48DE21FC4E0B90065F424 /* OrderDetailItem.swift in Sources */,
				6395232E1FB229B20080CCD9 /* SushiTableViewCell.swift in Sources */,
				63D48DDE1FC4DEA80065F424 /* OrderDetailsViewController.swift in Sources */,
				63DA53B61FAE46ED001E3D6B /* GreetingsViewController.swift in Sources */,
				63927C6C1FC33E5400D7D67A /* SushiInSushiTableViewController.swift in Sources */,
				639523371FB6213D0080CCD9 /* PizzaTableViewCell.swift in Sources */,
				6395232C1FB21C8F0080CCD9 /* SushiModel.swift in Sources */,
				639523941FBB0A0C0080CCD9 /* RollsTableViewCell.swift in Sources */,
				63DA53BE1FAE4BB7001E3D6B /* SideMenuTableViewCell.swift in Sources */,
				63DA53D81FB12A9B001E3D6B /* MenuModel.swift in Sources */,
				6395239A1FBB0C520080CCD9 /* SetsModel.swift in Sources */,
				6395238C1FB8CA7D0080CCD9 /* MakiRollsModel.swift in Sources */,
				6395238A1FB8C9D60080CCD9 /* MakiRollsTableViewCell.swift in Sources */,
				639523901FBB093C0080CCD9 /* RollsTableViewController.swift in Sources */,
				63DA53C01FAE4CFB001E3D6B /* SideMenuModel.swift in Sources */,
				639523921FBB09C70080CCD9 /* RollsModel.swift in Sources */,
				639523881FB893DF0080CCD9 /* SoupModel.swift in Sources */,
				63927C701FC33F1C00D7D67A /* SushiInSushiModel.swift in Sources */,
				639523801FB876960080CCD9 /* HotDishesTableViewController.swift in Sources */,
			);
			runOnlyForDeploymentPostprocessing = 0;
		};
/* End PBXSourcesBuildPhase section */

/* Begin PBXVariantGroup section */
		63DA53A51FAE3FB7001E3D6B /* LaunchScreen.storyboard */ = {
			isa = PBXVariantGroup;
			children = (
				63DA53A61FAE3FB7001E3D6B /* Base */,
			);
			name = LaunchScreen.storyboard;
			sourceTree = "<group>";
		};
/* End PBXVariantGroup section */

/* Begin XCBuildConfiguration section */
		63DA53A91FAE3FB7001E3D6B /* Debug */ = {
			isa = XCBuildConfiguration;
			buildSettings = {
				ALWAYS_SEARCH_USER_PATHS = NO;
				CLANG_ANALYZER_NONNULL = YES;
				CLANG_ANALYZER_NUMBER_OBJECT_CONVERSION = YES_AGGRESSIVE;
				CLANG_CXX_LANGUAGE_STANDARD = "gnu++14";
				CLANG_CXX_LIBRARY = "libc++";
				CLANG_ENABLE_MODULES = YES;
				CLANG_ENABLE_OBJC_ARC = YES;
				CLANG_WARN_BLOCK_CAPTURE_AUTORELEASING = YES;
				CLANG_WARN_BOOL_CONVERSION = YES;
				CLANG_WARN_COMMA = YES;
				CLANG_WARN_CONSTANT_CONVERSION = YES;
				CLANG_WARN_DIRECT_OBJC_ISA_USAGE = YES_ERROR;
				CLANG_WARN_DOCUMENTATION_COMMENTS = YES;
				CLANG_WARN_EMPTY_BODY = YES;
				CLANG_WARN_ENUM_CONVERSION = YES;
				CLANG_WARN_INFINITE_RECURSION = YES;
				CLANG_WARN_INT_CONVERSION = YES;
				CLANG_WARN_NON_LITERAL_NULL_CONVERSION = YES;
				CLANG_WARN_OBJC_LITERAL_CONVERSION = YES;
				CLANG_WARN_OBJC_ROOT_CLASS = YES_ERROR;
				CLANG_WARN_RANGE_LOOP_ANALYSIS = YES;
				CLANG_WARN_STRICT_PROTOTYPES = YES;
				CLANG_WARN_SUSPICIOUS_MOVE = YES;
				CLANG_WARN_UNGUARDED_AVAILABILITY = YES_AGGRESSIVE;
				CLANG_WARN_UNREACHABLE_CODE = YES;
				CLANG_WARN__DUPLICATE_METHOD_MATCH = YES;
				CODE_SIGN_IDENTITY = "iPhone Developer";
				COPY_PHASE_STRIP = NO;
				DEBUG_INFORMATION_FORMAT = dwarf;
				ENABLE_STRICT_OBJC_MSGSEND = YES;
				ENABLE_TESTABILITY = YES;
				FRAMEWORK_SEARCH_PATHS = "";
				GCC_C_LANGUAGE_STANDARD = gnu11;
				GCC_DYNAMIC_NO_PIC = NO;
				GCC_NO_COMMON_BLOCKS = YES;
				GCC_OPTIMIZATION_LEVEL = 0;
				GCC_PREPROCESSOR_DEFINITIONS = (
					"DEBUG=1",
					"$(inherited)",
				);
				GCC_WARN_64_TO_32_BIT_CONVERSION = YES;
				GCC_WARN_ABOUT_RETURN_TYPE = YES_ERROR;
				GCC_WARN_UNDECLARED_SELECTOR = YES;
				GCC_WARN_UNINITIALIZED_AUTOS = YES_AGGRESSIVE;
				GCC_WARN_UNUSED_FUNCTION = YES;
				GCC_WARN_UNUSED_VARIABLE = YES;
				IPHONEOS_DEPLOYMENT_TARGET = 11.1;
				MTL_ENABLE_DEBUG_INFO = YES;
				ONLY_ACTIVE_ARCH = YES;
				SDKROOT = iphoneos;
				SWIFT_ACTIVE_COMPILATION_CONDITIONS = DEBUG;
				SWIFT_OPTIMIZATION_LEVEL = "-Onone";
				SYSTEM_FRAMEWORK_SEARCH_PATHS = "";
			};
			name = Debug;
		};
		63DA53AA1FAE3FB7001E3D6B /* Release */ = {
			isa = XCBuildConfiguration;
			buildSettings = {
				ALWAYS_SEARCH_USER_PATHS = NO;
				CLANG_ANALYZER_NONNULL = YES;
				CLANG_ANALYZER_NUMBER_OBJECT_CONVERSION = YES_AGGRESSIVE;
				CLANG_CXX_LANGUAGE_STANDARD = "gnu++14";
				CLANG_CXX_LIBRARY = "libc++";
				CLANG_ENABLE_MODULES = YES;
				CLANG_ENABLE_OBJC_ARC = YES;
				CLANG_WARN_BLOCK_CAPTURE_AUTORELEASING = YES;
				CLANG_WARN_BOOL_CONVERSION = YES;
				CLANG_WARN_COMMA = YES;
				CLANG_WARN_CONSTANT_CONVERSION = YES;
				CLANG_WARN_DIRECT_OBJC_ISA_USAGE = YES_ERROR;
				CLANG_WARN_DOCUMENTATION_COMMENTS = YES;
				CLANG_WARN_EMPTY_BODY = YES;
				CLANG_WARN_ENUM_CONVERSION = YES;
				CLANG_WARN_INFINITE_RECURSION = YES;
				CLANG_WARN_INT_CONVERSION = YES;
				CLANG_WARN_NON_LITERAL_NULL_CONVERSION = YES;
				CLANG_WARN_OBJC_LITERAL_CONVERSION = YES;
				CLANG_WARN_OBJC_ROOT_CLASS = YES_ERROR;
				CLANG_WARN_RANGE_LOOP_ANALYSIS = YES;
				CLANG_WARN_STRICT_PROTOTYPES = YES;
				CLANG_WARN_SUSPICIOUS_MOVE = YES;
				CLANG_WARN_UNGUARDED_AVAILABILITY = YES_AGGRESSIVE;
				CLANG_WARN_UNREACHABLE_CODE = YES;
				CLANG_WARN__DUPLICATE_METHOD_MATCH = YES;
				CODE_SIGN_IDENTITY = "iPhone Developer";
				COPY_PHASE_STRIP = NO;
				DEBUG_INFORMATION_FORMAT = "dwarf-with-dsym";
				ENABLE_NS_ASSERTIONS = NO;
				ENABLE_STRICT_OBJC_MSGSEND = YES;
				FRAMEWORK_SEARCH_PATHS = "";
				GCC_C_LANGUAGE_STANDARD = gnu11;
				GCC_NO_COMMON_BLOCKS = YES;
				GCC_WARN_64_TO_32_BIT_CONVERSION = YES;
				GCC_WARN_ABOUT_RETURN_TYPE = YES_ERROR;
				GCC_WARN_UNDECLARED_SELECTOR = YES;
				GCC_WARN_UNINITIALIZED_AUTOS = YES_AGGRESSIVE;
				GCC_WARN_UNUSED_FUNCTION = YES;
				GCC_WARN_UNUSED_VARIABLE = YES;
				IPHONEOS_DEPLOYMENT_TARGET = 11.1;
				MTL_ENABLE_DEBUG_INFO = NO;
				SDKROOT = iphoneos;
				SWIFT_OPTIMIZATION_LEVEL = "-Owholemodule";
				SYSTEM_FRAMEWORK_SEARCH_PATHS = "";
				VALIDATE_PRODUCT = YES;
			};
			name = Release;
		};
		63DA53AC1FAE3FB7001E3D6B /* Debug */ = {
			isa = XCBuildConfiguration;
			baseConfigurationReference = 32CB20B26BFAD4D872CC5002 /* Pods-SushiTime.debug.xcconfig */;
			buildSettings = {
				ASSETCATALOG_COMPILER_APPICON_NAME = AppIcon;
				CODE_SIGN_STYLE = Automatic;
				DEVELOPMENT_TEAM = J99NN4783K;
				FRAMEWORK_SEARCH_PATHS = (
					"$(inherited)",
					"\"$PODS_CONFIGURATION_BUILD_DIR/SideMenu\"",
				);
				INFOPLIST_FILE = "$(SRCROOT)/SushiTime/Supporting Files/Info.plist";
				LD_RUNPATH_SEARCH_PATHS = "$(inherited) @executable_path/Frameworks";
				PRODUCT_BUNDLE_IDENTIFIER = Self.SushiTime;
				PRODUCT_NAME = "$(TARGET_NAME)";
				SWIFT_VERSION = 4.0;
				TARGETED_DEVICE_FAMILY = "1,2";
			};
			name = Debug;
		};
		63DA53AD1FAE3FB7001E3D6B /* Release */ = {
			isa = XCBuildConfiguration;
			baseConfigurationReference = 2D6C6C2AA5632DF6B0116899 /* Pods-SushiTime.release.xcconfig */;
			buildSettings = {
				ASSETCATALOG_COMPILER_APPICON_NAME = AppIcon;
				CODE_SIGN_STYLE = Automatic;
				DEVELOPMENT_TEAM = J99NN4783K;
				FRAMEWORK_SEARCH_PATHS = (
					"$(inherited)",
					"\"$PODS_CONFIGURATION_BUILD_DIR/SideMenu\"",
				);
				INFOPLIST_FILE = "$(SRCROOT)/SushiTime/Supporting Files/Info.plist";
				LD_RUNPATH_SEARCH_PATHS = "$(inherited) @executable_path/Frameworks";
				PRODUCT_BUNDLE_IDENTIFIER = Self.SushiTime;
				PRODUCT_NAME = "$(TARGET_NAME)";
				SWIFT_VERSION = 4.0;
				TARGETED_DEVICE_FAMILY = "1,2";
			};
			name = Release;
		};
/* End XCBuildConfiguration section */

/* Begin XCConfigurationList section */
		63DA53941FAE3FB7001E3D6B /* Build configuration list for PBXProject "SushiTime" */ = {
			isa = XCConfigurationList;
			buildConfigurations = (
				63DA53A91FAE3FB7001E3D6B /* Debug */,
				63DA53AA1FAE3FB7001E3D6B /* Release */,
			);
			defaultConfigurationIsVisible = 0;
			defaultConfigurationName = Release;
		};
		63DA53AB1FAE3FB7001E3D6B /* Build configuration list for PBXNativeTarget "SushiTime" */ = {
			isa = XCConfigurationList;
			buildConfigurations = (
				63DA53AC1FAE3FB7001E3D6B /* Debug */,
				63DA53AD1FAE3FB7001E3D6B /* Release */,
			);
			defaultConfigurationIsVisible = 0;
			defaultConfigurationName = Release;
		};
/* End XCConfigurationList section */
	};
	rootObject = 63DA53911FAE3FB7001E3D6B /* Project object */;
}
